
Microsoft Visual Studio Solution File, Format Version 12.00
# Visual Studio Version 16
VisualStudioVersion = 16.0.29926.136
MinimumVisualStudioVersion = 10.0.40219.1
Project("{00D1A9C2-B5F0-4AF3-8072-F6C62B433612}") = "DW_Sucos", "DW_Sucos.sqlproj", "{8B4534E7-F300-40F6-9EE2-271B0ADF6F41}"
EndProject
Project("{159641D6-6404-4A2A-AE62-294DE0FE8301}") = "Carga_DW_Sucos", "..\Carga_DW_Sucos\Carga_DW_Sucos.dtproj", "{C0DE7D3F-7A52-414D-8B36-05DADDB72E50}"
EndProject
Project("{D2ABAB84-BF74-430A-B69E-9DC6D40DDA17}") = "OLAP_Sucos", "..\OLAP_Sucos\OLAP_Sucos.dwproj", "{9E636CD5-2564-4BBD-B0C1-D5A36756BAE1}"
EndProject
Global
	GlobalSection(SolutionConfigurationPlatforms) = preSolution
		Debug|Any CPU = Debug|Any CPU
		Development|Any CPU = Development|Any CPU
		Release|Any CPU = Release|Any CPU
	EndGlobalSection
	GlobalSection(ProjectConfigurationPlatforms) = postSolution
		{8B4534E7-F300-40F6-9EE2-271B0ADF6F41}.Debug|Any CPU.ActiveCfg = Debug|Any CPU
		{8B4534E7-F300-40F6-9EE2-271B0ADF6F41}.Debug|Any CPU.Build.0 = Debug|Any CPU
		{8B4534E7-F300-40F6-9EE2-271B0ADF6F41}.Debug|Any CPU.Deploy.0 = Debug|Any CPU
		{8B4534E7-F300-40F6-9EE2-271B0ADF6F41}.Development|Any CPU.ActiveCfg = Debug|Any CPU
		{8B4534E7-F300-40F6-9EE2-271B0ADF6F41}.Development|Any CPU.Build.0 = Debug|Any CPU
		{8B4534E7-F300-40F6-9EE2-271B0ADF6F41}.Development|Any CPU.Deploy.0 = Debug|Any CPU
		{8B4534E7-F300-40F6-9EE2-271B0ADF6F41}.Release|Any CPU.ActiveCfg = Release|Any CPU
		{8B4534E7-F300-40F6-9EE2-271B0ADF6F41}.Release|Any CPU.Build.0 = Release|Any CPU
		{8B4534E7-F300-40F6-9EE2-271B0ADF6F41}.Release|Any CPU.Deploy.0 = Release|Any CPU
		{C0DE7D3F-7A52-414D-8B36-05DADDB72E50}.Debug|Any CPU.ActiveCfg = Development
		{C0DE7D3F-7A52-414D-8B36-05DADDB72E50}.Debug|Any CPU.Build.0 = Development
		{C0DE7D3F-7A52-414D-8B36-05DADDB72E50}.Development|Any CPU.ActiveCfg = Development
		{C0DE7D3F-7A52-414D-8B36-05DADDB72E50}.Development|Any CPU.Build.0 = Development
		{C0DE7D3F-7A52-414D-8B36-05DADDB72E50}.Release|Any CPU.ActiveCfg = Development
		{C0DE7D3F-7A52-414D-8B36-05DADDB72E50}.Release|Any CPU.Build.0 = Development
		{9E636CD5-2564-4BBD-B0C1-D5A36756BAE1}.Debug|Any CPU.ActiveCfg = Development
		{9E636CD5-2564-4BBD-B0C1-D5A36756BAE1}.Debug|Any CPU.Build.0 = Development
		{9E636CD5-2564-4BBD-B0C1-D5A36756BAE1}.Debug|Any CPU.Deploy.0 = Development
		{9E636CD5-2564-4BBD-B0C1-D5A36756BAE1}.Development|Any CPU.ActiveCfg = Development
		{9E636CD5-2564-4BBD-B0C1-D5A36756BAE1}.Development|Any CPU.Build.0 = Development
		{9E636CD5-2564-4BBD-B0C1-D5A36756BAE1}.Development|Any CPU.Deploy.0 = Development
		{9E636CD5-2564-4BBD-B0C1-D5A36756BAE1}.Release|Any CPU.ActiveCfg = Development
		{9E636CD5-2564-4BBD-B0C1-D5A36756BAE1}.Release|Any CPU.Build.0 = Development
		{9E636CD5-2564-4BBD-B0C1-D5A36756BAE1}.Release|Any CPU.Deploy.0 = Development
	EndGlobalSection
	GlobalSection(SolutionProperties) = preSolution
		HideSolutionNode = FALSE
	EndGlobalSection
	GlobalSection(ExtensibilityGlobals) = postSolution
		SolutionGuid = {9C22E87D-3854-4380-BDA9-B9E5C26DE050}
	EndGlobalSection
EndGlobal
